schema: '2.0'
stages:
  _defaults:
    cmd: exit 0
  preparation:
    cmd:
    - mkdir -p data/bus39/interim
    - unzip -o data/bus39/raw/data.zip -d data/bus39/interim
    - "nice -n 19 python scripts/bus39/transform.py --in-dir data/bus39/interim --out-dir
      data/bus39/interim\n"
    deps:
    - path: data/bus39/raw/data.zip
      hash: md5
      md5: c14fb5431ae379ea470334721cb7eaf7
      size: 13587996
    - path: scripts/bus39/transform.py
      hash: md5
      md5: 0801ee0715dbbb0ba2f5e4586e8154e9
      size: 4687
    outs:
    - path: data/bus39/interim
      hash: md5
      md5: f09382b7758a54f3ebe7e1ba615eb571.dir
      size: 1690482312
      nfiles: 9
