schema: '2.0'
stages:
  _defaults:
    cmd: exit 0
  preparation:
    cmd:
    - mkdir -p data/bus39/interim
    - unzip -o data/bus39/raw/data.zip -d data/bus39/interim
    - "nice -n 19 python scripts/bus39/transform.py --in-dir data/bus39/interim --out-dir
      data/bus39/interim\n"
    deps:
    - path: data/bus39/raw/data.zip
      hash: md5
      md5: c14fb5431ae379ea470334721cb7eaf7
      size: 13587996
    - path: scripts/bus39/transform.py
      hash: md5
      md5: 02e2e644e905bbe36fb9b33154a61551
      size: 4723
    outs:
    - path: data/bus39/interim
      hash: md5
      md5: 1b896c68f4a7f40a418c221f566790a5.dir
      size: 1680017902
      nfiles: 8
