schema: '2.0'
stages:
  _defaults:
    cmd: exit 0
  preparation:
    cmd:
    - mkdir -p data/eles-2026-01/interim
    - unzip -j data/eles-2026-01/raw/SLOJun2024_Jan2025_only_lne_1h.zip -d
      data/eles-2026-01/interim
    - "nice -n 19 python scripts/eles-2026-01/transform.py --in-dir data/eles-2026-01/interim
      --ignore-list data/eles-2026-01/raw/ignorelist.txt --dictionary data/eles-2026-01/raw/powerfactory_dictionary.xlsx
      --out-dir data/eles-2026-01/interim\n"
    - rm data/eles-2026-01/interim/*.csv
    deps:
    - path: data/eles-2026-01/raw/SLOJun2024_Jan2025_only_lne_1h.zip
      hash: md5
      md5: bd178d92827979e9bb8442097ebeba59
      size: 608618488
    - path: data/eles-2026-01/raw/ignorelist.txt
      hash: md5
      md5: d3191a263dc38943ef6f756d58f536e5
      size: 1308
    - path: data/eles-2026-01/raw/powerfactory_dictionary.xlsx
      hash: md5
      md5: 7b920058192a438ff01bf15e55fe9f07
      size: 130390
    - path: scripts/eles-2026-01/transform.py
      hash: md5
      md5: 67f7a9499899f291c4bfd54df592edf4
      size: 10464
    outs:
    - path: data/eles-2026-01/interim
      hash: md5
      md5: da093cc97b27885ccb57c006bf2848b3.dir
      size: 336596174
      nfiles: 3
  splits:
    cmd:
    - mkdir -p data/eles-2026-01/splits
    - "nice -n 19 python scripts/splits.py --in data/eles-2026-01/interim/lf_tsa_merged.pkl
      --out data/eles-2026-01/splits\n"
    deps:
    - path: data/eles-2026-01/interim/lf_tsa_merged.pkl
      hash: md5
      md5: 230086b78018b32d93adc2a0d7996fca
      size: 26094348864
    - path: scripts/splits.py
      hash: md5
      md5: b173fbf4cf3745c8824caebe409d69e0
      size: 3529
    outs:
    - path: data/eles-2026-01/splits
      hash: md5
      md5: 08455cd9e9d421ccd5a91d55b4aa014c.dir
      size: 64821548
      nfiles: 7925
  benchmark:
    cmd:
    - mkdir -p data/eles-2026-01/reports
    - "nice -n 19 python scripts/benchmark_tsa_eles.py --lf-data data/eles-2026-01/interim/lf.pkl
      --tsa-data data/eles-2026-01/interim/tsa.pkl --out data/eles-2026-01/reports\n"
    deps:
    - path: data/eles-2026-01/interim/lf.pkl
      hash: md5
      md5: 6b66ae6ff891b393b2d6f82e112afff2
      size: 329429239
    - path: data/eles-2026-01/interim/tsa.pkl
      hash: md5
      md5: 18993d3c6e916566ac0f65fd22d18b91
      size: 7165737
    - path: scripts/benchmark_tsa_eles.py
      hash: md5
      md5: ed70e7b1b9126c5abe587b617bce0636
      size: 11191
    outs:
    - path: data/eles-2026-01/reports
      hash: md5
      md5: 0c2b439d8567bc82fb832d5b6bc33aaf.dir
      size: 12872236
      nfiles: 1
